// !$*UTF8*$!
{
	archiveVersion = 1;
	classes = {
	};
	objectVersion = 46;
	objects = {

/* Begin PBXBuildFile section */
		4800C248155C200400282540 /* Cordova.plist in Resources */ = {isa = PBXBuildFile; fileRef = 4800C247155C200400282540 /* Cordova.plist */; };
		4800C24B155C205D00282540 /* Cordova.framework in Frameworks */ = {isa = PBXBuildFile; fileRef = 4800C24A155C205D00282540 /* Cordova.framework */; };
		4800C24E155C219200282540 /* AddressBook.framework in Frameworks */ = {isa = PBXBuildFile; fileRef = 4800C24C155C219200282540 /* AddressBook.framework */; };
		4800C24F155C219200282540 /* AddressBookUI.framework in Frameworks */ = {isa = PBXBuildFile; fileRef = 4800C24D155C219200282540 /* AddressBookUI.framework */; };
		4800C252155C21AF00282540 /* AudioToolbox.framework in Frameworks */ = {isa = PBXBuildFile; fileRef = 4800C250155C21AF00282540 /* AudioToolbox.framework */; };
		4800C253155C21AF00282540 /* AVFoundation.framework in Frameworks */ = {isa = PBXBuildFile; fileRef = 4800C251155C21AF00282540 /* AVFoundation.framework */; };
		4800C255155C21C100282540 /* MediaPlayer.framework in Frameworks */ = {isa = PBXBuildFile; fileRef = 4800C254155C21C100282540 /* MediaPlayer.framework */; };
		4800C257155C21CA00282540 /* QuartzCore.framework in Frameworks */ = {isa = PBXBuildFile; fileRef = 4800C256155C21CA00282540 /* QuartzCore.framework */; };
		4800C259155C21D300282540 /* SystemConfiguration.framework in Frameworks */ = {isa = PBXBuildFile; fileRef = 4800C258155C21D300282540 /* SystemConfiguration.framework */; };
		4800C25B155C21DA00282540 /* MobileCoreServices.framework in Frameworks */ = {isa = PBXBuildFile; fileRef = 4800C25A155C21DA00282540 /* MobileCoreServices.framework */; };
		4800C25D155C21E600282540 /* CoreMedia.framework in Frameworks */ = {isa = PBXBuildFile; fileRef = 4800C25C155C21E600282540 /* CoreMedia.framework */; };
		4800C25F155C21FF00282540 /* CoreLocation.framework in Frameworks */ = {isa = PBXBuildFile; fileRef = 4800C25E155C21FF00282540 /* CoreLocation.framework */; };
		4800C265155C23EC00282540 /* www in Resources */ = {isa = PBXBuildFile; fileRef = 4800C264155C23EC00282540 /* www */; };
		484FFDDF155C409000B9B695 /* button.png in Resources */ = {isa = PBXBuildFile; fileRef = 484FFDDE155C409000B9B695 /* button.png */; };
		48653CD7155C63930022DBFC /* cordova_ios_57.png in Resources */ = {isa = PBXBuildFile; fileRef = 48653CD6155C63930022DBFC /* cordova_ios_57.png */; };
		48653CDA155C639D0022DBFC /* cordova_ios_114.png in Resources */ = {isa = PBXBuildFile; fileRef = 48653CD9155C639D0022DBFC /* cordova_ios_114.png */; };
		48653CDC155C63AF0022DBFC /* Default.png in Resources */ = {isa = PBXBuildFile; fileRef = 48653CDB155C63AF0022DBFC /* Default.png */; };
		48653CDE155C63B20022DBFC /* Default@2x.png in Resources */ = {isa = PBXBuildFile; fileRef = 48653CDD155C63B20022DBFC /* Default@2x.png */; };
		48653CE8155C70C80022DBFC /* cordova_ios_72.png in Resources */ = {isa = PBXBuildFile; fileRef = 48653CE7155C70C80022DBFC /* cordova_ios_72.png */; };
		48653CEA155C70CB0022DBFC /* cordova_ios_144.png in Resources */ = {isa = PBXBuildFile; fileRef = 48653CE9155C70CB0022DBFC /* cordova_ios_144.png */; };
		48653CEC155C70E30022DBFC /* Default-Landscape~ipad.png in Resources */ = {isa = PBXBuildFile; fileRef = 48653CEB155C70E30022DBFC /* Default-Landscape~ipad.png */; };
		48653CEE155C70E80022DBFC /* Default-Landscape@2x~ipad.png in Resources */ = {isa = PBXBuildFile; fileRef = 48653CED155C70E80022DBFC /* Default-Landscape@2x~ipad.png */; };
		48653CF0155C70F40022DBFC /* Default-Portrait~ipad.png in Resources */ = {isa = PBXBuildFile; fileRef = 48653CEF155C70F40022DBFC /* Default-Portrait~ipad.png */; };
		48653CF2155C70F80022DBFC /* Default-Portrait@2x~ipad.png in Resources */ = {isa = PBXBuildFile; fileRef = 48653CF1155C70F80022DBFC /* Default-Portrait@2x~ipad.png */; };
		48653CF4155C78420022DBFC /* cordovaTransparent.png in Resources */ = {isa = PBXBuildFile; fileRef = 48653CF3155C78420022DBFC /* cordovaTransparent.png */; };
		B2CF2D171534B7470059034E /* UIKit.framework in Frameworks */ = {isa = PBXBuildFile; fileRef = B2CF2D161534B7470059034E /* UIKit.framework */; };
		B2CF2D191534B7470059034E /* Foundation.framework in Frameworks */ = {isa = PBXBuildFile; fileRef = B2CF2D181534B7470059034E /* Foundation.framework */; };
		B2CF2D1B1534B7470059034E /* CoreGraphics.framework in Frameworks */ = {isa = PBXBuildFile; fileRef = B2CF2D1A1534B7470059034E /* CoreGraphics.framework */; };
		B2CF2D211534B7470059034E /* InfoPlist.strings in Resources */ = {isa = PBXBuildFile; fileRef = B2CF2D1F1534B7470059034E /* InfoPlist.strings */; };
		B2CF2D231534B7470059034E /* main.m in Sources */ = {isa = PBXBuildFile; fileRef = B2CF2D221534B7470059034E /* main.m */; };
		B2CF2D271534B7470059034E /* AppDelegate.m in Sources */ = {isa = PBXBuildFile; fileRef = B2CF2D261534B7470059034E /* AppDelegate.m */; };
		B2CF2D2A1534B7470059034E /* ViewController.m in Sources */ = {isa = PBXBuildFile; fileRef = B2CF2D291534B7470059034E /* ViewController.m */; };
		B2CF2D2D1534B7470059034E /* ViewController.xib in Resources */ = {isa = PBXBuildFile; fileRef = B2CF2D2B1534B7470059034E /* ViewController.xib */; };
		B2CF2D361534B7820059034E /* CleaverReader.m in Sources */ = {isa = PBXBuildFile; fileRef = B2CF2D341534B7820059034E /* CleaverReader.m */; };
		B2CF2D371534B7820059034E /* CleaverReader.xib in Resources */ = {isa = PBXBuildFile; fileRef = B2CF2D351534B7820059034E /* CleaverReader.xib */; };
		B2CF2D3B1534B78C0059034E /* webViewer.m in Sources */ = {isa = PBXBuildFile; fileRef = B2CF2D391534B78C0059034E /* webViewer.m */; };
		B2CF2D3C1534B78C0059034E /* webViewer.xib in Resources */ = {isa = PBXBuildFile; fileRef = B2CF2D3A1534B78C0059034E /* webViewer.xib */; };
		B2CF2D3E1534B9880059034E /* button1.png in Resources */ = {isa = PBXBuildFile; fileRef = B2CF2D3D1534B9880059034E /* button1.png */; };
/* End PBXBuildFile section */

/* Begin PBXFileReference section */
		4800C247155C200400282540 /* Cordova.plist */ = {isa = PBXFileReference; fileEncoding = 4; lastKnownFileType = text.plist.xml; path = Cordova.plist; sourceTree = "<group>"; };
		4800C24A155C205D00282540 /* Cordova.framework */ = {isa = PBXFileReference; lastKnownFileType = wrapper.framework; name = Cordova.framework; path = ../../../Shared/Cordova/Frameworks/Cordova.framework; sourceTree = "<group>"; };
		4800C24C155C219200282540 /* AddressBook.framework */ = {isa = PBXFileReference; lastKnownFileType = wrapper.framework; name = AddressBook.framework; path = System/Library/Frameworks/AddressBook.framework; sourceTree = SDKROOT; };
		4800C24D155C219200282540 /* AddressBookUI.framework */ = {isa = PBXFileReference; lastKnownFileType = wrapper.framework; name = AddressBookUI.framework; path = System/Library/Frameworks/AddressBookUI.framework; sourceTree = SDKROOT; };
		4800C250155C21AF00282540 /* AudioToolbox.framework */ = {isa = PBXFileReference; lastKnownFileType = wrapper.framework; name = AudioToolbox.framework; path = System/Library/Frameworks/AudioToolbox.framework; sourceTree = SDKROOT; };
		4800C251155C21AF00282540 /* AVFoundation.framework */ = {isa = PBXFileReference; lastKnownFileType = wrapper.framework; name = AVFoundation.framework; path = System/Library/Frameworks/AVFoundation.framework; sourceTree = SDKROOT; };
		4800C254155C21C100282540 /* MediaPlayer.framework */ = {isa = PBXFileReference; lastKnownFileType = wrapper.framework; name = MediaPlayer.framework; path = System/Library/Frameworks/MediaPlayer.framework; sourceTree = SDKROOT; };
		4800C256155C21CA00282540 /* QuartzCore.framework */ = {isa = PBXFileReference; lastKnownFileType = wrapper.framework; name = QuartzCore.framework; path = System/Library/Frameworks/QuartzCore.framework; sourceTree = SDKROOT; };
		4800C258155C21D300282540 /* SystemConfiguration.framework */ = {isa = PBXFileReference; lastKnownFileType = wrapper.framework; name = SystemConfiguration.framework; path = System/Library/Frameworks/SystemConfiguration.framework; sourceTree = SDKROOT; };
		4800C25A155C21DA00282540 /* MobileCoreServices.framework */ = {isa = PBXFileReference; lastKnownFileType = wrapper.framework; name = MobileCoreServices.framework; path = System/Library/Frameworks/MobileCoreServices.framework; sourceTree = SDKROOT; };
		4800C25C155C21E600282540 /* CoreMedia.framework */ = {isa = PBXFileReference; lastKnownFileType = wrapper.framework; name = CoreMedia.framework; path = System/Library/Frameworks/CoreMedia.framework; sourceTree = SDKROOT; };
		4800C25E155C21FF00282540 /* CoreLocation.framework */ = {isa = PBXFileReference; lastKnownFileType = wrapper.framework; name = CoreLocation.framework; path = System/Library/Frameworks/CoreLocation.framework; sourceTree = SDKROOT; };
		4800C264155C23EC00282540 /* www */ = {isa = PBXFileReference; lastKnownFileType = folder; path = www; sourceTree = "<group>"; };
		4800C266155C2F5D00282540 /* cleaverViewController.h */ = {isa = PBXFileReference; lastKnownFileType = sourcecode.c.h; path = cleaverViewController.h; sourceTree = "<group>"; };
		4800C267155C2F5D00282540 /* cleaverViewController.m */ = {isa = PBXFileReference; lastKnownFileType = sourcecode.c.objc; path = cleaverViewController.m; sourceTree = "<group>"; };
		484FFDDE155C409000B9B695 /* button.png */ = {isa = PBXFileReference; lastKnownFileType = image.png; path = button.png; sourceTree = "<group>"; };
		48653CD6155C63930022DBFC /* cordova_ios_57.png */ = {isa = PBXFileReference; lastKnownFileType = image.png; path = cordova_ios_57.png; sourceTree = "<group>"; };
		48653CD9155C639D0022DBFC /* cordova_ios_114.png */ = {isa = PBXFileReference; lastKnownFileType = image.png; path = cordova_ios_114.png; sourceTree = "<group>"; };
		48653CDB155C63AF0022DBFC /* Default.png */ = {isa = PBXFileReference; lastKnownFileType = image.png; path = Default.png; sourceTree = "<group>"; };
		48653CDD155C63B20022DBFC /* Default@2x.png */ = {isa = PBXFileReference; lastKnownFileType = image.png; path = "Default@2x.png"; sourceTree = "<group>"; };
		48653CE7155C70C80022DBFC /* cordova_ios_72.png */ = {isa = PBXFileReference; lastKnownFileType = image.png; path = cordova_ios_72.png; sourceTree = "<group>"; };
		48653CE9155C70CB0022DBFC /* cordova_ios_144.png */ = {isa = PBXFileReference; lastKnownFileType = image.png; path = cordova_ios_144.png; sourceTree = "<group>"; };
		48653CEB155C70E30022DBFC /* Default-Landscape~ipad.png */ = {isa = PBXFileReference; lastKnownFileType = image.png; path = "Default-Landscape~ipad.png"; sourceTree = "<group>"; };
		48653CED155C70E80022DBFC /* Default-Landscape@2x~ipad.png */ = {isa = PBXFileReference; lastKnownFileType = image.png; path = "Default-Landscape@2x~ipad.png"; sourceTree = "<group>"; };
		48653CEF155C70F40022DBFC /* Default-Portrait~ipad.png */ = {isa = PBXFileReference; lastKnownFileType = image.png; path = "Default-Portrait~ipad.png"; sourceTree = "<group>"; };
		48653CF1155C70F80022DBFC /* Default-Portrait@2x~ipad.png */ = {isa = PBXFileReference; lastKnownFileType = image.png; path = "Default-Portrait@2x~ipad.png"; sourceTree = "<group>"; };
		48653CF3155C78420022DBFC /* cordovaTransparent.png */ = {isa = PBXFileReference; lastKnownFileType = image.png; path = cordovaTransparent.png; sourceTree = "<group>"; };
		B2CF2D121534B7470059034E /* CleaverRSS.app */ = {isa = PBXFileReference; explicitFileType = wrapper.application; includeInIndex = 0; path = CleaverRSS.app; sourceTree = BUILT_PRODUCTS_DIR; };
		B2CF2D161534B7470059034E /* UIKit.framework */ = {isa = PBXFileReference; lastKnownFileType = wrapper.framework; name = UIKit.framework; path = System/Library/Frameworks/UIKit.framework; sourceTree = SDKROOT; };
		B2CF2D181534B7470059034E /* Foundation.framework */ = {isa = PBXFileReference; lastKnownFileType = wrapper.framework; name = Foundation.framework; path = System/Library/Frameworks/Foundation.framework; sourceTree = SDKROOT; };
		B2CF2D1A1534B7470059034E /* CoreGraphics.framework */ = {isa = PBXFileReference; lastKnownFileType = wrapper.framework; name = CoreGraphics.framework; path = System/Library/Frameworks/CoreGraphics.framework; sourceTree = SDKROOT; };
		B2CF2D1E1534B7470059034E /* CleaverReader-Info.plist */ = {isa = PBXFileReference; lastKnownFileType = text.plist.xml; path = "CleaverReader-Info.plist"; sourceTree = "<group>"; };
		B2CF2D201534B7470059034E /* en */ = {isa = PBXFileReference; lastKnownFileType = text.plist.strings; name = en; path = en.lproj/InfoPlist.strings; sourceTree = "<group>"; };
		B2CF2D221534B7470059034E /* main.m */ = {isa = PBXFileReference; lastKnownFileType = sourcecode.c.objc; path = main.m; sourceTree = "<group>"; };
		B2CF2D241534B7470059034E /* CleaverReader-Prefix.pch */ = {isa = PBXFileReference; lastKnownFileType = sourcecode.c.h; path = "CleaverReader-Prefix.pch"; sourceTree = "<group>"; };
		B2CF2D251534B7470059034E /* AppDelegate.h */ = {isa = PBXFileReference; lastKnownFileType = sourcecode.c.h; path = AppDelegate.h; sourceTree = "<group>"; };
		B2CF2D261534B7470059034E /* AppDelegate.m */ = {isa = PBXFileReference; lastKnownFileType = sourcecode.c.objc; path = AppDelegate.m; sourceTree = "<group>"; };
		B2CF2D281534B7470059034E /* ViewController.h */ = {isa = PBXFileReference; lastKnownFileType = sourcecode.c.h; path = ViewController.h; sourceTree = "<group>"; };
		B2CF2D291534B7470059034E /* ViewController.m */ = {isa = PBXFileReference; lastKnownFileType = sourcecode.c.objc; path = ViewController.m; sourceTree = "<group>"; };
		B2CF2D2C1534B7470059034E /* en */ = {isa = PBXFileReference; lastKnownFileType = file.xib; name = en; path = en.lproj/ViewController.xib; sourceTree = "<group>"; };
		B2CF2D331534B7820059034E /* CleaverReader.h */ = {isa = PBXFileReference; fileEncoding = 4; lastKnownFileType = sourcecode.c.h; path = CleaverReader.h; sourceTree = "<group>"; };
		B2CF2D341534B7820059034E /* CleaverReader.m */ = {isa = PBXFileReference; fileEncoding = 4; lastKnownFileType = sourcecode.c.objc; path = CleaverReader.m; sourceTree = "<group>"; };
		B2CF2D351534B7820059034E /* CleaverReader.xib */ = {isa = PBXFileReference; fileEncoding = 4; lastKnownFileType = file.xib; path = CleaverReader.xib; sourceTree = "<group>"; };
		B2CF2D381534B78C0059034E /* webViewer.h */ = {isa = PBXFileReference; fileEncoding = 4; lastKnownFileType = sourcecode.c.h; path = webViewer.h; sourceTree = "<group>"; };
		B2CF2D391534B78C0059034E /* webViewer.m */ = {isa = PBXFileReference; fileEncoding = 4; lastKnownFileType = sourcecode.c.objc; path = webViewer.m; sourceTree = "<group>"; };
		B2CF2D3A1534B78C0059034E /* webViewer.xib */ = {isa = PBXFileReference; fileEncoding = 4; lastKnownFileType = file.xib; path = webViewer.xib; sourceTree = "<group>"; };
		B2CF2D3D1534B9880059034E /* button1.png */ = {isa = PBXFileReference; lastKnownFileType = image.png; path = button1.png; sourceTree = SOURCE_ROOT; };
/* End PBXFileReference section */

/* Begin PBXFrameworksBuildPhase section */
		B2CF2D0F1534B7470059034E /* Frameworks */ = {
			isa = PBXFrameworksBuildPhase;
			buildActionMask = 2147483647;
			files = (
				4800C25F155C21FF00282540 /* CoreLocation.framework in Frameworks */,
				4800C25D155C21E600282540 /* CoreMedia.framework in Frameworks */,
				4800C25B155C21DA00282540 /* MobileCoreServices.framework in Frameworks */,
				4800C259155C21D300282540 /* SystemConfiguration.framework in Frameworks */,
				4800C257155C21CA00282540 /* QuartzCore.framework in Frameworks */,
				4800C255155C21C100282540 /* MediaPlayer.framework in Frameworks */,
				4800C252155C21AF00282540 /* AudioToolbox.framework in Frameworks */,
				4800C253155C21AF00282540 /* AVFoundation.framework in Frameworks */,
				4800C24E155C219200282540 /* AddressBook.framework in Frameworks */,
				4800C24F155C219200282540 /* AddressBookUI.framework in Frameworks */,
				B2CF2D171534B7470059034E /* UIKit.framework in Frameworks */,
				B2CF2D191534B7470059034E /* Foundation.framework in Frameworks */,
				B2CF2D1B1534B7470059034E /* CoreGraphics.framework in Frameworks */,
				4800C24B155C205D00282540 /* Cordova.framework in Frameworks */,
			);
			runOnlyForDeploymentPostprocessing = 0;
		};
/* End PBXFrameworksBuildPhase section */

/* Begin PBXGroup section */
		B2CF2D071534B7470059034E = {
			isa = PBXGroup;
			children = (
				48653CF3155C78420022DBFC /* cordovaTransparent.png */,
				48653CF1155C70F80022DBFC /* Default-Portrait@2x~ipad.png */,
				48653CEF155C70F40022DBFC /* Default-Portrait~ipad.png */,
				48653CED155C70E80022DBFC /* Default-Landscape@2x~ipad.png */,
				48653CEB155C70E30022DBFC /* Default-Landscape~ipad.png */,
				48653CE9155C70CB0022DBFC /* cordova_ios_144.png */,
				48653CE7155C70C80022DBFC /* cordova_ios_72.png */,
				48653CDD155C63B20022DBFC /* Default@2x.png */,
				48653CDB155C63AF0022DBFC /* Default.png */,
				48653CD9155C639D0022DBFC /* cordova_ios_114.png */,
				48653CD6155C63930022DBFC /* cordova_ios_57.png */,
				4800C264155C23EC00282540 /* www */,
				4800C25E155C21FF00282540 /* CoreLocation.framework */,
				4800C25C155C21E600282540 /* CoreMedia.framework */,
				4800C25A155C21DA00282540 /* MobileCoreServices.framework */,
				4800C258155C21D300282540 /* SystemConfiguration.framework */,
				4800C256155C21CA00282540 /* QuartzCore.framework */,
				4800C254155C21C100282540 /* MediaPlayer.framework */,
				4800C250155C21AF00282540 /* AudioToolbox.framework */,
				4800C251155C21AF00282540 /* AVFoundation.framework */,
				B2CF2D1C1534B7470059034E /* CleaverReader */,
				B2CF2D151534B7470059034E /* Frameworks */,
				B2CF2D131534B7470059034E /* Products */,
			);
			sourceTree = "<group>";
		};
		B2CF2D131534B7470059034E /* Products */ = {
			isa = PBXGroup;
			children = (
				B2CF2D121534B7470059034E /* CleaverRSS.app */,
			);
			name = Products;
			sourceTree = "<group>";
		};
		B2CF2D151534B7470059034E /* Frameworks */ = {
			isa = PBXGroup;
			children = (
				4800C24C155C219200282540 /* AddressBook.framework */,
				4800C24D155C219200282540 /* AddressBookUI.framework */,
				4800C24A155C205D00282540 /* Cordova.framework */,
				B2CF2D161534B7470059034E /* UIKit.framework */,
				B2CF2D181534B7470059034E /* Foundation.framework */,
				B2CF2D1A1534B7470059034E /* CoreGraphics.framework */,
			);
			name = Frameworks;
			sourceTree = "<group>";
		};
		B2CF2D1C1534B7470059034E /* CleaverReader */ = {
			isa = PBXGroup;
			children = (
				4800C266155C2F5D00282540 /* cleaverViewController.h */,
				4800C267155C2F5D00282540 /* cleaverViewController.m */,
				B2CF2D251534B7470059034E /* AppDelegate.h */,
				B2CF2D381534B78C0059034E /* webViewer.h */,
				B2CF2D391534B78C0059034E /* webViewer.m */,
				B2CF2D3A1534B78C0059034E /* webViewer.xib */,
				B2CF2D331534B7820059034E /* CleaverReader.h */,
				B2CF2D341534B7820059034E /* CleaverReader.m */,
				B2CF2D351534B7820059034E /* CleaverReader.xib */,
				B2CF2D261534B7470059034E /* AppDelegate.m */,
				B2CF2D281534B7470059034E /* ViewController.h */,
				B2CF2D291534B7470059034E /* ViewController.m */,
				B2CF2D2B1534B7470059034E /* ViewController.xib */,
				B2CF2D1D1534B7470059034E /* Supporting Files */,
			);
			path = CleaverReader;
			sourceTree = "<group>";
		};
		B2CF2D1D1534B7470059034E /* Supporting Files */ = {
			isa = PBXGroup;
			children = (
				484FFDDE155C409000B9B695 /* button.png */,
				4800C247155C200400282540 /* Cordova.plist */,
				B2CF2D3D1534B9880059034E /* button1.png */,
				B2CF2D1E1534B7470059034E /* CleaverReader-Info.plist */,
				B2CF2D1F1534B7470059034E /* InfoPlist.strings */,
				B2CF2D221534B7470059034E /* main.m */,
				B2CF2D241534B7470059034E /* CleaverReader-Prefix.pch */,
			);
			name = "Supporting Files";
			sourceTree = "<group>";
		};
/* End PBXGroup section */

/* Begin PBXNativeTarget section */
		B2CF2D111534B7470059034E /* CleaverReader */ = {
			isa = PBXNativeTarget;
			buildConfigurationList = B2CF2D301534B7470059034E /* Build configuration list for PBXNativeTarget "CleaverReader" */;
			buildPhases = (
				B2CF2D0E1534B7470059034E /* Sources */,
				B2CF2D0F1534B7470059034E /* Frameworks */,
				B2CF2D101534B7470059034E /* Resources */,
			);
			buildRules = (
			);
			dependencies = (
			);
			name = CleaverReader;
			productName = CleaverReader;
			productReference = B2CF2D121534B7470059034E /* CleaverRSS.app */;
			productType = "com.apple.product-type.application";
		};
/* End PBXNativeTarget section */

/* Begin PBXProject section */
		B2CF2D091534B7470059034E /* Project object */ = {
			isa = PBXProject;
			attributes = {
				LastUpgradeCheck = 0430;
			};
			buildConfigurationList = B2CF2D0C1534B7470059034E /* Build configuration list for PBXProject "CleaverReader" */;
			compatibilityVersion = "Xcode 3.2";
			developmentRegion = English;
			hasScannedForEncodings = 0;
			knownRegions = (
				en,
			);
			mainGroup = B2CF2D071534B7470059034E;
			productRefGroup = B2CF2D131534B7470059034E /* Products */;
			projectDirPath = "";
			projectRoot = "";
			targets = (
				B2CF2D111534B7470059034E /* CleaverReader */,
			);
		};
/* End PBXProject section */

/* Begin PBXResourcesBuildPhase section */
		B2CF2D101534B7470059034E /* Resources */ = {
			isa = PBXResourcesBuildPhase;
			buildActionMask = 2147483647;
			files = (
				B2CF2D211534B7470059034E /* InfoPlist.strings in Resources */,
				B2CF2D2D1534B7470059034E /* ViewController.xib in Resources */,
				B2CF2D371534B7820059034E /* CleaverReader.xib in Resources */,
				B2CF2D3C1534B78C0059034E /* webViewer.xib in Resources */,
				B2CF2D3E1534B9880059034E /* button1.png in Resources */,
				4800C248155C200400282540 /* Cordova.plist in Resources */,
				4800C265155C23EC00282540 /* www in Resources */,
				484FFDDF155C409000B9B695 /* button.png in Resources */,
				48653CD7155C63930022DBFC /* cordova_ios_57.png in Resources */,
				48653CDA155C639D0022DBFC /* cordova_ios_114.png in Resources */,
				48653CDC155C63AF0022DBFC /* Default.png in Resources */,
				48653CDE155C63B20022DBFC /* Default@2x.png in Resources */,
				48653CE8155C70C80022DBFC /* cordova_ios_72.png in Resources */,
				48653CEA155C70CB0022DBFC /* cordova_ios_144.png in Resources */,
				48653CEC155C70E30022DBFC /* Default-Landscape~ipad.png in Resources */,
				48653CEE155C70E80022DBFC /* Default-Landscape@2x~ipad.png in Resources */,
				48653CF0155C70F40022DBFC /* Default-Portrait~ipad.png in Resources */,
				48653CF2155C70F80022DBFC /* Default-Portrait@2x~ipad.png in Resources */,
				48653CF4155C78420022DBFC /* cordovaTransparent.png in Resources */,
			);
			runOnlyForDeploymentPostprocessing = 0;
		};
/* End PBXResourcesBuildPhase section */

/* Begin PBXSourcesBuildPhase section */
		B2CF2D0E1534B7470059034E /* Sources */ = {
			isa = PBXSourcesBuildPhase;
			buildActionMask = 2147483647;
			files = (
				B2CF2D231534B7470059034E /* main.m in Sources */,
				B2CF2D271534B7470059034E /* AppDelegate.m in Sources */,
				B2CF2D2A1534B7470059034E /* ViewController.m in Sources */,
				B2CF2D361534B7820059034E /* CleaverReader.m in Sources */,
				B2CF2D3B1534B78C0059034E /* webViewer.m in Sources */,
			);
			runOnlyForDeploymentPostprocessing = 0;
		};
/* End PBXSourcesBuildPhase section */

/* Begin PBXVariantGroup section */
		B2CF2D1F1534B7470059034E /* InfoPlist.strings */ = {
			isa = PBXVariantGroup;
			children = (
				B2CF2D201534B7470059034E /* en */,
			);
			name = InfoPlist.strings;
			sourceTree = "<group>";
		};
		B2CF2D2B1534B7470059034E /* ViewController.xib */ = {
			isa = PBXVariantGroup;
			children = (
				B2CF2D2C1534B7470059034E /* en */,
			);
			name = ViewController.xib;
			sourceTree = "<group>";
		};
/* End PBXVariantGroup section */

/* Begin XCBuildConfiguration section */
		B2CF2D2E1534B7470059034E /* Debug */ = {
			isa = XCBuildConfiguration;
			buildSettings = {
				ALWAYS_SEARCH_USER_PATHS = NO;
				ARCHS = "$(ARCHS_STANDARD_32_BIT)";
				CLANG_ENABLE_OBJC_ARC = YES;
				"CODE_SIGN_IDENTITY[sdk=iphoneos*]" = "iPhone Developer";
				COPY_PHASE_STRIP = NO;
				GCC_C_LANGUAGE_STANDARD = gnu99;
				GCC_DYNAMIC_NO_PIC = NO;
				GCC_OPTIMIZATION_LEVEL = 0;
				GCC_PREPROCESSOR_DEFINITIONS = (
					"DEBUG=1",
					"$(inherited)",
				);
				GCC_SYMBOLS_PRIVATE_EXTERN = NO;
				GCC_VERSION = com.apple.compilers.llvm.clang.1_0;
				GCC_WARN_ABOUT_RETURN_TYPE = YES;
				GCC_WARN_UNINITIALIZED_AUTOS = YES;
				GCC_WARN_UNUSED_VARIABLE = YES;
				IPHONEOS_DEPLOYMENT_TARGET = 5.1;
				SDKROOT = iphoneos;
			};
			name = Debug;
		};
		B2CF2D2F1534B7470059034E /* Release */ = {
			isa = XCBuildConfiguration;
			buildSettings = {
				ALWAYS_SEARCH_USER_PATHS = NO;
				ARCHS = "$(ARCHS_STANDARD_32_BIT)";
				CLANG_ENABLE_OBJC_ARC = YES;
				"CODE_SIGN_IDENTITY[sdk=iphoneos*]" = "iPhone Developer";
				COPY_PHASE_STRIP = YES;
				GCC_C_LANGUAGE_STANDARD = gnu99;
				GCC_VERSION = com.apple.compilers.llvm.clang.1_0;
				GCC_WARN_ABOUT_RETURN_TYPE = YES;
				GCC_WARN_UNINITIALIZED_AUTOS = YES;
				GCC_WARN_UNUSED_VARIABLE = YES;
				IPHONEOS_DEPLOYMENT_TARGET = 5.1;
				OTHER_CFLAGS = "-DNS_BLOCK_ASSERTIONS=1";
				SDKROOT = iphoneos;
				VALIDATE_PRODUCT = YES;
			};
			name = Release;
		};
		B2CF2D311534B7470059034E /* Debug */ = {
			isa = XCBuildConfiguration;
			buildSettings = {
				FRAMEWORK_SEARCH_PATHS = (
					"$(inherited)",
					"\"$(SRCROOT)/../../../Shared/Cordova/Frameworks\"",
				);
				GCC_PRECOMPILE_PREFIX_HEADER = YES;
				GCC_PREFIX_HEADER = "CleaverReader/CleaverReader-Prefix.pch";
				INFOPLIST_FILE = "CleaverReader/CleaverReader-Info.plist";
				IPHONEOS_DEPLOYMENT_TARGET = 5.1;
				PRODUCT_NAME = CleaverRSS;
				TARGETED_DEVICE_FAMILY = "1,2";
				WRAPPER_EXTENSION = app;
			};
			name = Debug;
		};
		B2CF2D321534B7470059034E /* Release */ = {
			isa = XCBuildConfiguration;
			buildSettings = {
				FRAMEWORK_SEARCH_PATHS = (
					"$(inherited)",
					"\"$(SRCROOT)/../../../Shared/Cordova/Frameworks\"",
				);
				GCC_PRECOMPILE_PREFIX_HEADER = YES;
				GCC_PREFIX_HEADER = "CleaverReader/CleaverReader-Prefix.pch";
				INFOPLIST_FILE = "CleaverReader/CleaverReader-Info.plist";
				IPHONEOS_DEPLOYMENT_TARGET = 5.1;
				PRODUCT_NAME = "$(TARGET_NAME)";
				TARGETED_DEVICE_FAMILY = "1,2";
				WRAPPER_EXTENSION = app;
			};
			name = Release;
		};
/* End XCBuildConfiguration section */

/* Begin XCConfigurationList section */
		B2CF2D0C1534B7470059034E /* Build configuration list for PBXProject "CleaverReader" */ = {
			isa = XCConfigurationList;
			buildConfigurations = (
				B2CF2D2E1534B7470059034E /* Debug */,
				B2CF2D2F1534B7470059034E /* Release */,
			);
			defaultConfigurationIsVisible = 0;
			defaultConfigurationName = Release;
		};
		B2CF2D301534B7470059034E /* Build configuration list for PBXNativeTarget "CleaverReader" */ = {
			isa = XCConfigurationList;
			buildConfigurations = (
				B2CF2D311534B7470059034E /* Debug */,
				B2CF2D321534B7470059034E /* Release */,
			);
			defaultConfigurationIsVisible = 0;
			defaultConfigurationName = Release;
		};
/* End XCConfigurationList section */
	};
	rootObject = B2CF2D091534B7470059034E /* Project object */;
}
